
Microsoft Visual Studio Solution File, Format Version 12.00
# Visual Studio Version 17
VisualStudioVersion = 17.2.32616.157
MinimumVisualStudioVersion = 10.0.40219.1
Project("{FAE04EC0-301F-11D3-BF4B-00C04F79EFBC}") = "WebApi", "WebApi\WebApi.csproj", "{CE3863FC-122D-4883-ADAD-CD7AA72CCFA8}"
EndProject
Global
	GlobalSection(SolutionConfigurationPlatforms) = preSolution
		Debug|Any CPU = Debug|Any CPU
		Release|Any CPU = Release|Any CPU
	EndGlobalSection
	GlobalSection(ProjectConfigurationPlatforms) = postSolution
		{CE3863FC-122D-4883-ADAD-CD7AA72CCFA8}.Debug|Any CPU.ActiveCfg = Debug|Any CPU
		{CE3863FC-122D-4883-ADAD-CD7AA72CCFA8}.Debug|Any CPU.Build.0 = Debug|Any CPU
		{CE3863FC-122D-4883-ADAD-CD7AA72CCFA8}.Release|Any CPU.ActiveCfg = Release|Any CPU
		{CE3863FC-122D-4883-ADAD-CD7AA72CCFA8}.Release|Any CPU.Build.0 = Release|Any CPU
	EndGlobalSection
	GlobalSection(SolutionProperties) = preSolution
		HideSolutionNode = FALSE
	EndGlobalSection
	GlobalSection(ExtensibilityGlobals) = postSolution
		SolutionGuid = {FF30A4CB-A256-4BAA-9876-7A46166FFF34}
	EndGlobalSection
EndGlobal
